<Solution>
  <Configurations>
    <Platform Name="Any CPU" />
    <Platform Name="x64" />
    <Platform Name="x86" />
  </Configurations>
  <Folder Name="/Mods/">
    <File Path="src/Mods/Cards.h" />
    <File Path="src/Mods/EffectScripts.h" />
    <File Path="src/Mods/FUN.h" />
    <File Path="src/Mods/GameData.h" />
    <File Path="src/Mods/HookAPI.h" />
    <File Path="src/Mods/Utils.h" />
    <Project Path="src/Mods/GOAT/GOAT.vcxproj" Id="4a47c59c-4324-4502-9374-08b255f6af01" />
    <Project Path="src/Mods/GodCards/GodCards.vcxproj" Id="8e7a5a7d-2740-4130-b875-2de787417ee6">
      <Platform Solution="Release|Any CPU" Project="Win32" />
    </Project>
    <Project Path="src/Mods/PoCDebugger/PoCDebugger.vcxproj" Id="02bbb32a-4b03-428a-823a-5961469ebf4f" />
    <Project Path="src/Mods/RandomCards/RandomCards.vcxproj" Id="fd664de3-0c28-4dab-a97d-64f54cfc4369" />
  </Folder>
  <Project Path="src/Editor/Editor.csproj" />
  <Project Path="src/PoCModLoader/PoCModLoader.vcxproj" Id="8901e795-fdf3-41cc-8d45-1760b10e7a50">
    <Platform Solution="Release|Any CPU" Project="Win32" />
  </Project>
  <Project Path="src/PoCTools/PoCTools.csproj" />
  <Project Path="src/Unpacker/Unpacker.csproj" />
</Solution>
